// !$*UTF8*$!
{
	archiveVersion = 1;
	classes = {
	};
	objectVersion = 77;
	objects = {

/* Begin PBXBuildFile section */
		1DE0C8A32E902C2F00DF400F /* SDWebImageSwiftUI in Frameworks */ = {isa = PBXBuildFile; productRef = 1DE0C8A22E902C2F00DF400F /* SDWebImageSwiftUI */; };
/* End PBXBuildFile section */

/* Begin PBXContainerItemProxy section */
		1D0FC14D2E85A17A00A5BBAE /* PBXContainerItemProxy */ = {
			isa = PBXContainerItemProxy;
			containerPortal = 1D0FC1372E85A17900A5BBAE /* Project object */;
			proxyType = 1;
			remoteGlobalIDString = 1D0FC13E2E85A17900A5BBAE;
			remoteInfo = CursoIOS;
		};
		1D0FC1572E85A17B00A5BBAE /* PBXContainerItemProxy */ = {
			isa = PBXContainerItemProxy;
			containerPortal = 1D0FC1372E85A17900A5BBAE /* Project object */;
			proxyType = 1;
			remoteGlobalIDString = 1D0FC13E2E85A17900A5BBAE;
			remoteInfo = CursoIOS;
		};
/* End PBXContainerItemProxy section */

/* Begin PBXFileReference section */
		1D0FC13F2E85A17900A5BBAE /* CursoIOS.app */ = {isa = PBXFileReference; explicitFileType = wrapper.application; includeInIndex = 0; path = CursoIOS.app; sourceTree = BUILT_PRODUCTS_DIR; };
		1D0FC14C2E85A17A00A5BBAE /* CursoIOSTests.xctest */ = {isa = PBXFileReference; explicitFileType = wrapper.cfbundle; includeInIndex = 0; path = CursoIOSTests.xctest; sourceTree = BUILT_PRODUCTS_DIR; };
		1D0FC1562E85A17B00A5BBAE /* CursoIOSUITests.xctest */ = {isa = PBXFileReference; explicitFileType = wrapper.cfbundle; includeInIndex = 0; path = CursoIOSUITests.xctest; sourceTree = BUILT_PRODUCTS_DIR; };
/* End PBXFileReference section */

/* Begin PBXFileSystemSynchronizedBuildFileExceptionSet section */
		1DE0C8A72E90411D00DF400F /* Exceptions for "CursoIOS" folder in "CursoIOS" target */ = {
			isa = PBXFileSystemSynchronizedBuildFileExceptionSet;
			membershipExceptions = (
				Info.plist,
			);
			target = 1D0FC13E2E85A17900A5BBAE /* CursoIOS */;
		};
/* End PBXFileSystemSynchronizedBuildFileExceptionSet section */

/* Begin PBXFileSystemSynchronizedRootGroup section */
		1D0FC1412E85A17900A5BBAE /* CursoIOS */ = {
			isa = PBXFileSystemSynchronizedRootGroup;
			exceptions = (
				1DE0C8A72E90411D00DF400F /* Exceptions for "CursoIOS" folder in "CursoIOS" target */,
			);
			path = CursoIOS;
			sourceTree = "<group>";
		};
		1D0FC14F2E85A17A00A5BBAE /* CursoIOSTests */ = {
			isa = PBXFileSystemSynchronizedRootGroup;
			path = CursoIOSTests;
			sourceTree = "<group>";
		};
		1D0FC1592E85A17B00A5BBAE /* CursoIOSUITests */ = {
			isa = PBXFileSystemSynchronizedRootGroup;
			path = CursoIOSUITests;
			sourceTree = "<group>";
		};
/* End PBXFileSystemSynchronizedRootGroup section */

/* Begin PBXFrameworksBuildPhase section */
		1D0FC13C2E85A17900A5BBAE /* Frameworks */ = {
			isa = PBXFrameworksBuildPhase;
			buildActionMask = 2147483647;
			files = (
				1DE0C8A32E902C2F00DF400F /* SDWebImageSwiftUI in Frameworks */,
			);
			runOnlyForDeploymentPostprocessing = 0;
		};
		1D0FC1492E85A17A00A5BBAE /* Frameworks */ = {
			isa = PBXFrameworksBuildPhase;
			buildActionMask = 2147483647;
			files = (
			);
			runOnlyForDeploymentPostprocessing = 0;
		};
		1D0FC1532E85A17B00A5BBAE /* Frameworks */ = {
			isa = PBXFrameworksBuildPhase;
			buildActionMask = 2147483647;
			files = (
			);
			runOnlyForDeploymentPostprocessing = 0;
		};
/* End PBXFrameworksBuildPhase section */

/* Begin PBXGroup section */
		1D0FC1362E85A17900A5BBAE = {
			isa = PBXGroup;
			children = (
				1D0FC1412E85A17900A5BBAE /* CursoIOS */,
				1D0FC14F2E85A17A00A5BBAE /* CursoIOSTests */,
				1D0FC1592E85A17B00A5BBAE /* CursoIOSUITests */,
				1D0FC1402E85A17900A5BBAE /* Products */,
			);
			sourceTree = "<group>";
		};
		1D0FC1402E85A17900A5BBAE /* Products */ = {
			isa = PBXGroup;
			children = (
				1D0FC13F2E85A17900A5BBAE /* CursoIOS.app */,
				1D0FC14C2E85A17A00A5BBAE /* CursoIOSTests.xctest */,
				1D0FC1562E85A17B00A5BBAE /* CursoIOSUITests.xctest */,
			);
			name = Products;
			sourceTree = "<group>";
		};
/* End PBXGroup section */

/* Begin PBXNativeTarget section */
		1D0FC13E2E85A17900A5BBAE /* CursoIOS */ = {
			isa = PBXNativeTarget;
			buildConfigurationList = 1D0FC1602E85A17B00A5BBAE /* Build configuration list for PBXNativeTarget "CursoIOS" */;
			buildPhases = (
				1D0FC13B2E85A17900A5BBAE /* Sources */,
				1D0FC13C2E85A17900A5BBAE /* Frameworks */,
				1D0FC13D2E85A17900A5BBAE /* Resources */,
			);
			buildRules = (
			);
			dependencies = (
			);
			fileSystemSynchronizedGroups = (
				1D0FC1412E85A17900A5BBAE /* CursoIOS */,
			);
			name = CursoIOS;
			packageProductDependencies = (
				1DE0C8A22E902C2F00DF400F /* SDWebImageSwiftUI */,
			);
			productName = CursoIOS;
			productReference = 1D0FC13F2E85A17900A5BBAE /* CursoIOS.app */;
			productType = "com.apple.product-type.application";
		};
		1D0FC14B2E85A17A00A5BBAE /* CursoIOSTests */ = {
			isa = PBXNativeTarget;
			buildConfigurationList = 1D0FC1632E85A17B00A5BBAE /* Build configuration list for PBXNativeTarget "CursoIOSTests" */;
			buildPhases = (
				1D0FC1482E85A17A00A5BBAE /* Sources */,
				1D0FC1492E85A17A00A5BBAE /* Frameworks */,
				1D0FC14A2E85A17A00A5BBAE /* Resources */,
			);
			buildRules = (
			);
			dependencies = (
				1D0FC14E2E85A17A00A5BBAE /* PBXTargetDependency */,
			);
			fileSystemSynchronizedGroups = (
				1D0FC14F2E85A17A00A5BBAE /* CursoIOSTests */,
			);
			name = CursoIOSTests;
			packageProductDependencies = (
			);
			productName = CursoIOSTests;
			productReference = 1D0FC14C2E85A17A00A5BBAE /* CursoIOSTests.xctest */;
			productType = "com.apple.product-type.bundle.unit-test";
		};
		1D0FC1552E85A17B00A5BBAE /* CursoIOSUITests */ = {
			isa = PBXNativeTarget;
			buildConfigurationList = 1D0FC1662E85A17B00A5BBAE /* Build configuration list for PBXNativeTarget "CursoIOSUITests" */;
			buildPhases = (
				1D0FC1522E85A17B00A5BBAE /* Sources */,
				1D0FC1532E85A17B00A5BBAE /* Frameworks */,
				1D0FC1542E85A17B00A5BBAE /* Resources */,
			);
			buildRules = (
			);
			dependencies = (
				1D0FC1582E85A17B00A5BBAE /* PBXTargetDependency */,
			);
			fileSystemSynchronizedGroups = (
				1D0FC1592E85A17B00A5BBAE /* CursoIOSUITests */,
			);
			name = CursoIOSUITests;
			packageProductDependencies = (
			);
			productName = CursoIOSUITests;
			productReference = 1D0FC1562E85A17B00A5BBAE /* CursoIOSUITests.xctest */;
			productType = "com.apple.product-type.bundle.ui-testing";
		};
/* End PBXNativeTarget section */

/* Begin PBXProject section */
		1D0FC1372E85A17900A5BBAE /* Project object */ = {
			isa = PBXProject;
			attributes = {
				BuildIndependentTargetsInParallel = 1;
				LastSwiftUpdateCheck = 1640;
				LastUpgradeCheck = 1640;
				TargetAttributes = {
					1D0FC13E2E85A17900A5BBAE = {
						CreatedOnToolsVersion = 16.4;
					};
					1D0FC14B2E85A17A00A5BBAE = {
						CreatedOnToolsVersion = 16.4;
						TestTargetID = 1D0FC13E2E85A17900A5BBAE;
					};
					1D0FC1552E85A17B00A5BBAE = {
						CreatedOnToolsVersion = 16.4;
						TestTargetID = 1D0FC13E2E85A17900A5BBAE;
					};
				};
			};
			buildConfigurationList = 1D0FC13A2E85A17900A5BBAE /* Build configuration list for PBXProject "CursoIOS" */;
			developmentRegion = en;
			hasScannedForEncodings = 0;
			knownRegions = (
				en,
				Base,
			);
			mainGroup = 1D0FC1362E85A17900A5BBAE;
			minimizedProjectReferenceProxies = 1;
			packageReferences = (
				1DE0C8A12E902C2F00DF400F /* XCRemoteSwiftPackageReference "SDWebImageSwiftUI" */,
			);
			preferredProjectObjectVersion = 77;
			productRefGroup = 1D0FC1402E85A17900A5BBAE /* Products */;
			projectDirPath = "";
			projectRoot = "";
			targets = (
				1D0FC13E2E85A17900A5BBAE /* CursoIOS */,
				1D0FC14B2E85A17A00A5BBAE /* CursoIOSTests */,
				1D0FC1552E85A17B00A5BBAE /* CursoIOSUITests */,
			);
		};
/* End PBXProject section */

/* Begin PBXResourcesBuildPhase section */
		1D0FC13D2E85A17900A5BBAE /* Resources */ = {
			isa = PBXResourcesBuildPhase;
			buildActionMask = 2147483647;
			files = (
			);
			runOnlyForDeploymentPostprocessing = 0;
		};
		1D0FC14A2E85A17A00A5BBAE /* Resources */ = {
			isa = PBXResourcesBuildPhase;
			buildActionMask = 2147483647;
			files = (
			);
			runOnlyForDeploymentPostprocessing = 0;
		};
		1D0FC1542E85A17B00A5BBAE /* Resources */ = {
			isa = PBXResourcesBuildPhase;
			buildActionMask = 2147483647;
			files = (
			);
			runOnlyForDeploymentPostprocessing = 0;
		};
/* End PBXResourcesBuildPhase section */

/* Begin PBXSourcesBuildPhase section */
		1D0FC13B2E85A17900A5BBAE /* Sources */ = {
			isa = PBXSourcesBuildPhase;
			buildActionMask = 2147483647;
			files = (
			);
			runOnlyForDeploymentPostprocessing = 0;
		};
		1D0FC1482E85A17A00A5BBAE /* Sources */ = {
			isa = PBXSourcesBuildPhase;
			buildActionMask = 2147483647;
			files = (
			);
			runOnlyForDeploymentPostprocessing = 0;
		};
		1D0FC1522E85A17B00A5BBAE /* Sources */ = {
			isa = PBXSourcesBuildPhase;
			buildActionMask = 2147483647;
			files = (
			);
			runOnlyForDeploymentPostprocessing = 0;
		};
/* End PBXSourcesBuildPhase section */

/* Begin PBXTargetDependency section */
		1D0FC14E2E85A17A00A5BBAE /* PBXTargetDependency */ = {
			isa = PBXTargetDependency;
			target = 1D0FC13E2E85A17900A5BBAE /* CursoIOS */;
			targetProxy = 1D0FC14D2E85A17A00A5BBAE /* PBXContainerItemProxy */;
		};
		1D0FC1582E85A17B00A5BBAE /* PBXTargetDependency */ = {
			isa = PBXTargetDependency;
			target = 1D0FC13E2E85A17900A5BBAE /* CursoIOS */;
			targetProxy = 1D0FC1572E85A17B00A5BBAE /* PBXContainerItemProxy */;
		};
/* End PBXTargetDependency section */

/* Begin XCBuildConfiguration section */
		1D0FC15E2E85A17B00A5BBAE /* Debug */ = {
			isa = XCBuildConfiguration;
			buildSettings = {
				ALWAYS_SEARCH_USER_PATHS = NO;
				ASSETCATALOG_COMPILER_GENERATE_SWIFT_ASSET_SYMBOL_EXTENSIONS = YES;
				CLANG_ANALYZER_NONNULL = YES;
				CLANG_ANALYZER_NUMBER_OBJECT_CONVERSION = YES_AGGRESSIVE;
				CLANG_CXX_LANGUAGE_STANDARD = "gnu++20";
				CLANG_ENABLE_MODULES = YES;
				CLANG_ENABLE_OBJC_ARC = YES;
				CLANG_ENABLE_OBJC_WEAK = YES;
				CLANG_WARN_BLOCK_CAPTURE_AUTORELEASING = YES;
				CLANG_WARN_BOOL_CONVERSION = YES;
				CLANG_WARN_COMMA = YES;
				CLANG_WARN_CONSTANT_CONVERSION = YES;
				CLANG_WARN_DEPRECATED_OBJC_IMPLEMENTATIONS = YES;
				CLANG_WARN_DIRECT_OBJC_ISA_USAGE = YES_ERROR;
				CLANG_WARN_DOCUMENTATION_COMMENTS = YES;
				CLANG_WARN_EMPTY_BODY = YES;
				CLANG_WARN_ENUM_CONVERSION = YES;
				CLANG_WARN_INFINITE_RECURSION = YES;
				CLANG_WARN_INT_CONVERSION = YES;
				CLANG_WARN_NON_LITERAL_NULL_CONVERSION = YES;
				CLANG_WARN_OBJC_IMPLICIT_RETAIN_SELF = YES;
				CLANG_WARN_OBJC_LITERAL_CONVERSION = YES;
				CLANG_WARN_OBJC_ROOT_CLASS = YES_ERROR;
				CLANG_WARN_QUOTED_INCLUDE_IN_FRAMEWORK_HEADER = YES;
				CLANG_WARN_RANGE_LOOP_ANALYSIS = YES;
				CLANG_WARN_STRICT_PROTOTYPES = YES;
				CLANG_WARN_SUSPICIOUS_MOVE = YES;
				CLANG_WARN_UNGUARDED_AVAILABILITY = YES_AGGRESSIVE;
				CLANG_WARN_UNREACHABLE_CODE = YES;
				CLANG_WARN__DUPLICATE_METHOD_MATCH = YES;
				COPY_PHASE_STRIP = NO;
				DEBUG_INFORMATION_FORMAT = dwarf;
				ENABLE_STRICT_OBJC_MSGSEND = YES;
				ENABLE_TESTABILITY = YES;
				ENABLE_USER_SCRIPT_SANDBOXING = YES;
				GCC_C_LANGUAGE_STANDARD = gnu17;
				GCC_DYNAMIC_NO_PIC = NO;
				GCC_NO_COMMON_BLOCKS = YES;
				GCC_OPTIMIZATION_LEVEL = 0;
				GCC_PREPROCESSOR_DEFINITIONS = (
					"DEBUG=1",
					"$(inherited)",
				);
				GCC_WARN_64_TO_32_BIT_CONVERSION = YES;
				GCC_WARN_ABOUT_RETURN_TYPE = YES_ERROR;
				GCC_WARN_UNDECLARED_SELECTOR = YES;
				GCC_WARN_UNINITIALIZED_AUTOS = YES_AGGRESSIVE;
				GCC_WARN_UNUSED_FUNCTION = YES;
				GCC_WARN_UNUSED_VARIABLE = YES;
				IPHONEOS_DEPLOYMENT_TARGET = 18.5;
				LOCALIZATION_PREFERS_STRING_CATALOGS = YES;
				MTL_ENABLE_DEBUG_INFO = INCLUDE_SOURCE;
				MTL_FAST_MATH = YES;
				ONLY_ACTIVE_ARCH = YES;
				SDKROOT = iphoneos;
				SWIFT_ACTIVE_COMPILATION_CONDITIONS = "DEBUG $(inherited)";
				SWIFT_OPTIMIZATION_LEVEL = "-Onone";
			};
			name = Debug;
		};
		1D0FC15F2E85A17B00A5BBAE /* Release */ = {
			isa = XCBuildConfiguration;
			buildSettings = {
				ALWAYS_SEARCH_USER_PATHS = NO;
				ASSETCATALOG_COMPILER_GENERATE_SWIFT_ASSET_SYMBOL_EXTENSIONS = YES;
				CLANG_ANALYZER_NONNULL = YES;
				CLANG_ANALYZER_NUMBER_OBJECT_CONVERSION = YES_AGGRESSIVE;
				CLANG_CXX_LANGUAGE_STANDARD = "gnu++20";
				CLANG_ENABLE_MODULES = YES;
				CLANG_ENABLE_OBJC_ARC = YES;
				CLANG_ENABLE_OBJC_WEAK = YES;
				CLANG_WARN_BLOCK_CAPTURE_AUTORELEASING = YES;
				CLANG_WARN_BOOL_CONVERSION = YES;
				CLANG_WARN_COMMA = YES;
				CLANG_WARN_CONSTANT_CONVERSION = YES;
				CLANG_WARN_DEPRECATED_OBJC_IMPLEMENTATIONS = YES;
				CLANG_WARN_DIRECT_OBJC_ISA_USAGE = YES_ERROR;
				CLANG_WARN_DOCUMENTATION_COMMENTS = YES;
				CLANG_WARN_EMPTY_BODY = YES;
				CLANG_WARN_ENUM_CONVERSION = YES;
				CLANG_WARN_INFINITE_RECURSION = YES;
				CLANG_WARN_INT_CONVERSION = YES;
				CLANG_WARN_NON_LITERAL_NULL_CONVERSION = YES;
				CLANG_WARN_OBJC_IMPLICIT_RETAIN_SELF = YES;
				CLANG_WARN_OBJC_LITERAL_CONVERSION = YES;
				CLANG_WARN_OBJC_ROOT_CLASS = YES_ERROR;
				CLANG_WARN_QUOTED_INCLUDE_IN_FRAMEWORK_HEADER = YES;
				CLANG_WARN_RANGE_LOOP_ANALYSIS = YES;
				CLANG_WARN_STRICT_PROTOTYPES = YES;
				CLANG_WARN_SUSPICIOUS_MOVE = YES;
				CLANG_WARN_UNGUARDED_AVAILABILITY = YES_AGGRESSIVE;
				CLANG_WARN_UNREACHABLE_CODE = YES;
				CLANG_WARN__DUPLICATE_METHOD_MATCH = YES;
				COPY_PHASE_STRIP = NO;
				DEBUG_INFORMATION_FORMAT = "dwarf-with-dsym";
				ENABLE_NS_ASSERTIONS = NO;
				ENABLE_STRICT_OBJC_MSGSEND = YES;
				ENABLE_USER_SCRIPT_SANDBOXING = YES;
				GCC_C_LANGUAGE_STANDARD = gnu17;
				GCC_NO_COMMON_BLOCKS = YES;
				GCC_WARN_64_TO_32_BIT_CONVERSION = YES;
				GCC_WARN_ABOUT_RETURN_TYPE = YES_ERROR;
				GCC_WARN_UNDECLARED_SELECTOR = YES;
				GCC_WARN_UNINITIALIZED_AUTOS = YES_AGGRESSIVE;
				GCC_WARN_UNUSED_FUNCTION = YES;
				GCC_WARN_UNUSED_VARIABLE = YES;
				IPHONEOS_DEPLOYMENT_TARGET = 18.5;
				LOCALIZATION_PREFERS_STRING_CATALOGS = YES;
				MTL_ENABLE_DEBUG_INFO = NO;
				MTL_FAST_MATH = YES;
				SDKROOT = iphoneos;
				SWIFT_COMPILATION_MODE = wholemodule;
				VALIDATE_PRODUCT = YES;
			};
			name = Release;
		};
		1D0FC1612E85A17B00A5BBAE /* Debug */ = {
			isa = XCBuildConfiguration;
			buildSettings = {
				ASSETCATALOG_COMPILER_APPICON_NAME = AppIcon;
				ASSETCATALOG_COMPILER_GLOBAL_ACCENT_COLOR_NAME = AccentColor;
				CODE_SIGN_STYLE = Automatic;
				CURRENT_PROJECT_VERSION = 1;
				DEVELOPMENT_TEAM = ZGWV4LW65D;
				ENABLE_PREVIEWS = YES;
				GENERATE_INFOPLIST_FILE = YES;
				INFOPLIST_FILE = CursoIOS/Info.plist;
				INFOPLIST_KEY_UIApplicationSceneManifest_Generation = YES;
				INFOPLIST_KEY_UIApplicationSupportsIndirectInputEvents = YES;
				INFOPLIST_KEY_UILaunchScreen_Generation = YES;
				INFOPLIST_KEY_UISupportedInterfaceOrientations_iPad = "UIInterfaceOrientationPortrait UIInterfaceOrientationPortraitUpsideDown UIInterfaceOrientationLandscapeLeft UIInterfaceOrientationLandscapeRight";
				INFOPLIST_KEY_UISupportedInterfaceOrientations_iPhone = "UIInterfaceOrientationPortrait UIInterfaceOrientationLandscapeLeft UIInterfaceOrientationLandscapeRight";
				LD_RUNPATH_SEARCH_PATHS = (
					"$(inherited)",
					"@executable_path/Frameworks",
				);
				MARKETING_VERSION = 1.0;
				PRODUCT_BUNDLE_IDENTIFIER = vaca.CursoIOS;
				PRODUCT_NAME = "$(TARGET_NAME)";
				SWIFT_EMIT_LOC_STRINGS = YES;
				SWIFT_VERSION = 5.0;
				TARGETED_DEVICE_FAMILY = "1,2";
			};
			name = Debug;
		};
		1D0FC1622E85A17B00A5BBAE /* Release */ = {
			isa = XCBuildConfiguration;
			buildSettings = {
				ASSETCATALOG_COMPILER_APPICON_NAME = AppIcon;
				ASSETCATALOG_COMPILER_GLOBAL_ACCENT_COLOR_NAME = AccentColor;
				CODE_SIGN_STYLE = Automatic;
				CURRENT_PROJECT_VERSION = 1;
				DEVELOPMENT_TEAM = ZGWV4LW65D;
				ENABLE_PREVIEWS = YES;
				GENERATE_INFOPLIST_FILE = YES;
				INFOPLIST_FILE = CursoIOS/Info.plist;
				INFOPLIST_KEY_UIApplicationSceneManifest_Generation = YES;
				INFOPLIST_KEY_UIApplicationSupportsIndirectInputEvents = YES;
				INFOPLIST_KEY_UILaunchScreen_Generation = YES;
				INFOPLIST_KEY_UISupportedInterfaceOrientations_iPad = "UIInterfaceOrientationPortrait UIInterfaceOrientationPortraitUpsideDown UIInterfaceOrientationLandscapeLeft UIInterfaceOrientationLandscapeRight";
				INFOPLIST_KEY_UISupportedInterfaceOrientations_iPhone = "UIInterfaceOrientationPortrait UIInterfaceOrientationLandscapeLeft UIInterfaceOrientationLandscapeRight";
				LD_RUNPATH_SEARCH_PATHS = (
					"$(inherited)",
					"@executable_path/Frameworks",
				);
				MARKETING_VERSION = 1.0;
				PRODUCT_BUNDLE_IDENTIFIER = vaca.CursoIOS;
				PRODUCT_NAME = "$(TARGET_NAME)";
				SWIFT_EMIT_LOC_STRINGS = YES;
				SWIFT_VERSION = 5.0;
				TARGETED_DEVICE_FAMILY = "1,2";
			};
			name = Release;
		};
		1D0FC1642E85A17B00A5BBAE /* Debug */ = {
			isa = XCBuildConfiguration;
			buildSettings = {
				BUNDLE_LOADER = "$(TEST_HOST)";
				CODE_SIGN_STYLE = Automatic;
				CURRENT_PROJECT_VERSION = 1;
				GENERATE_INFOPLIST_FILE = YES;
				IPHONEOS_DEPLOYMENT_TARGET = 18.5;
				MARKETING_VERSION = 1.0;
				PRODUCT_BUNDLE_IDENTIFIER = vaca.CursoIOSTests;
				PRODUCT_NAME = "$(TARGET_NAME)";
				SWIFT_EMIT_LOC_STRINGS = NO;
				SWIFT_VERSION = 5.0;
				TARGETED_DEVICE_FAMILY = "1,2";
				TEST_HOST = "$(BUILT_PRODUCTS_DIR)/CursoIOS.app/$(BUNDLE_EXECUTABLE_FOLDER_PATH)/CursoIOS";
			};
			name = Debug;
		};
		1D0FC1652E85A17B00A5BBAE /* Release */ = {
			isa = XCBuildConfiguration;
			buildSettings = {
				BUNDLE_LOADER = "$(TEST_HOST)";
				CODE_SIGN_STYLE = Automatic;
				CURRENT_PROJECT_VERSION = 1;
				GENERATE_INFOPLIST_FILE = YES;
				IPHONEOS_DEPLOYMENT_TARGET = 18.5;
				MARKETING_VERSION = 1.0;
				PRODUCT_BUNDLE_IDENTIFIER = vaca.CursoIOSTests;
				PRODUCT_NAME = "$(TARGET_NAME)";
				SWIFT_EMIT_LOC_STRINGS = NO;
				SWIFT_VERSION = 5.0;
				TARGETED_DEVICE_FAMILY = "1,2";
				TEST_HOST = "$(BUILT_PRODUCTS_DIR)/CursoIOS.app/$(BUNDLE_EXECUTABLE_FOLDER_PATH)/CursoIOS";
			};
			name = Release;
		};
		1D0FC1672E85A17B00A5BBAE /* Debug */ = {
			isa = XCBuildConfiguration;
			buildSettings = {
				CODE_SIGN_STYLE = Automatic;
				CURRENT_PROJECT_VERSION = 1;
				GENERATE_INFOPLIST_FILE = YES;
				MARKETING_VERSION = 1.0;
				PRODUCT_BUNDLE_IDENTIFIER = vaca.CursoIOSUITests;
				PRODUCT_NAME = "$(TARGET_NAME)";
				SWIFT_EMIT_LOC_STRINGS = NO;
				SWIFT_VERSION = 5.0;
				TARGETED_DEVICE_FAMILY = "1,2";
				TEST_TARGET_NAME = CursoIOS;
			};
			name = Debug;
		};
		1D0FC1682E85A17B00A5BBAE /* Release */ = {
			isa = XCBuildConfiguration;
			buildSettings = {
				CODE_SIGN_STYLE = Automatic;
				CURRENT_PROJECT_VERSION = 1;
				GENERATE_INFOPLIST_FILE = YES;
				MARKETING_VERSION = 1.0;
				PRODUCT_BUNDLE_IDENTIFIER = vaca.CursoIOSUITests;
				PRODUCT_NAME = "$(TARGET_NAME)";
				SWIFT_EMIT_LOC_STRINGS = NO;
				SWIFT_VERSION = 5.0;
				TARGETED_DEVICE_FAMILY = "1,2";
				TEST_TARGET_NAME = CursoIOS;
			};
			name = Release;
		};
/* End XCBuildConfiguration section */

/* Begin XCConfigurationList section */
		1D0FC13A2E85A17900A5BBAE /* Build configuration list for PBXProject "CursoIOS" */ = {
			isa = XCConfigurationList;
			buildConfigurations = (
				1D0FC15E2E85A17B00A5BBAE /* Debug */,
				1D0FC15F2E85A17B00A5BBAE /* Release */,
			);
			defaultConfigurationIsVisible = 0;
			defaultConfigurationName = Release;
		};
		1D0FC1602E85A17B00A5BBAE /* Build configuration list for PBXNativeTarget "CursoIOS" */ = {
			isa = XCConfigurationList;
			buildConfigurations = (
				1D0FC1612E85A17B00A5BBAE /* Debug */,
				1D0FC1622E85A17B00A5BBAE /* Release */,
			);
			defaultConfigurationIsVisible = 0;
			defaultConfigurationName = Release;
		};
		1D0FC1632E85A17B00A5BBAE /* Build configuration list for PBXNativeTarget "CursoIOSTests" */ = {
			isa = XCConfigurationList;
			buildConfigurations = (
				1D0FC1642E85A17B00A5BBAE /* Debug */,
				1D0FC1652E85A17B00A5BBAE /* Release */,
			);
			defaultConfigurationIsVisible = 0;
			defaultConfigurationName = Release;
		};
		1D0FC1662E85A17B00A5BBAE /* Build configuration list for PBXNativeTarget "CursoIOSUITests" */ = {
			isa = XCConfigurationList;
			buildConfigurations = (
				1D0FC1672E85A17B00A5BBAE /* Debug */,
				1D0FC1682E85A17B00A5BBAE /* Release */,
			);
			defaultConfigurationIsVisible = 0;
			defaultConfigurationName = Release;
		};
/* End XCConfigurationList section */

/* Begin XCRemoteSwiftPackageReference section */
		1DE0C8A12E902C2F00DF400F /* XCRemoteSwiftPackageReference "SDWebImageSwiftUI" */ = {
			isa = XCRemoteSwiftPackageReference;
			repositoryURL = "https://github.com/SDWebImage/SDWebImageSwiftUI";
			requirement = {
				kind = upToNextMajorVersion;
				minimumVersion = 3.1.3;
			};
		};
/* End XCRemoteSwiftPackageReference section */

/* Begin XCSwiftPackageProductDependency section */
		1DE0C8A22E902C2F00DF400F /* SDWebImageSwiftUI */ = {
			isa = XCSwiftPackageProductDependency;
			package = 1DE0C8A12E902C2F00DF400F /* XCRemoteSwiftPackageReference "SDWebImageSwiftUI" */;
			productName = SDWebImageSwiftUI;
		};
/* End XCSwiftPackageProductDependency section */
	};
	rootObject = 1D0FC1372E85A17900A5BBAE /* Project object */;
}
